
Microsoft Visual Studio Solution File, Format Version 12.00
# Visual Studio 2012
Project("{FAE04EC0-301F-11D3-BF4B-00C04F79EFBC}") = "calculator_update", "calculator_update\calculator_update.csproj", "{F3A06030-1AD2-4AA1-A049-A1FF60B19C94}"
EndProject
Global
	GlobalSection(SolutionConfigurationPlatforms) = preSolution
		Debug|Any CPU = Debug|Any CPU
		Release|Any CPU = Release|Any CPU
	EndGlobalSection
	GlobalSection(ProjectConfigurationPlatforms) = postSolution
		{F3A06030-1AD2-4AA1-A049-A1FF60B19C94}.Debug|Any CPU.ActiveCfg = Debug|Any CPU
		{F3A06030-1AD2-4AA1-A049-A1FF60B19C94}.Debug|Any CPU.Build.0 = Debug|Any CPU
		{F3A06030-1AD2-4AA1-A049-A1FF60B19C94}.Release|Any CPU.ActiveCfg = Release|Any CPU
		{F3A06030-1AD2-4AA1-A049-A1FF60B19C94}.Release|Any CPU.Build.0 = Release|Any CPU
	EndGlobalSection
	GlobalSection(SolutionProperties) = preSolution
		HideSolutionNode = FALSE
	EndGlobalSection
EndGlobal
